// !$*UTF8*$!
{
	archiveVersion = 1;
	classes = {
	};
	objectVersion = 56;
	objects = {

/* Begin PBXBuildFile section */
		850147B92AFE8C350020ACD2 /* GourmetGOApp.swift in Sources */ = {isa = PBXBuildFile; fileRef = 850147B82AFE8C350020ACD2 /* GourmetGOApp.swift */; };
		850147BD2AFE8C360020ACD2 /* Assets.xcassets in Resources */ = {isa = PBXBuildFile; fileRef = 850147BC2AFE8C360020ACD2 /* Assets.xcassets */; };
		850147C02AFE8C360020ACD2 /* Preview Assets.xcassets in Resources */ = {isa = PBXBuildFile; fileRef = 850147BF2AFE8C360020ACD2 /* Preview Assets.xcassets */; };
		850147CB2AFE8C360020ACD2 /* GourmetGOTests.swift in Sources */ = {isa = PBXBuildFile; fileRef = 850147CA2AFE8C360020ACD2 /* GourmetGOTests.swift */; };
		850147D52AFE8C360020ACD2 /* GourmetGOUITests.swift in Sources */ = {isa = PBXBuildFile; fileRef = 850147D42AFE8C360020ACD2 /* GourmetGOUITests.swift */; };
		850147D72AFE8C360020ACD2 /* GourmetGOUITestsLaunchTests.swift in Sources */ = {isa = PBXBuildFile; fileRef = 850147D62AFE8C360020ACD2 /* GourmetGOUITestsLaunchTests.swift */; };
		851C01AD2B205AA300D33C8C /* StartView.swift in Sources */ = {isa = PBXBuildFile; fileRef = 851C01AC2B205AA200D33C8C /* StartView.swift */; };
		851C01B12B205D4500D33C8C /* GoogleService-Info.plist in Resources */ = {isa = PBXBuildFile; fileRef = 851C01B02B205D4500D33C8C /* GoogleService-Info.plist */; };
		851C01B42B205DC600D33C8C /* FirebaseAnalytics in Frameworks */ = {isa = PBXBuildFile; productRef = 851C01B32B205DC600D33C8C /* FirebaseAnalytics */; };
		851C01B62B205DC600D33C8C /* FirebaseAnalyticsOnDeviceConversion in Frameworks */ = {isa = PBXBuildFile; productRef = 851C01B52B205DC600D33C8C /* FirebaseAnalyticsOnDeviceConversion */; };
		851C01B82B205DC600D33C8C /* FirebaseAnalyticsSwift in Frameworks */ = {isa = PBXBuildFile; productRef = 851C01B72B205DC600D33C8C /* FirebaseAnalyticsSwift */; };
		851C01BA2B205DC600D33C8C /* FirebaseAnalyticsWithoutAdIdSupport in Frameworks */ = {isa = PBXBuildFile; productRef = 851C01B92B205DC600D33C8C /* FirebaseAnalyticsWithoutAdIdSupport */; };
		851C01BC2B205DC600D33C8C /* FirebaseAppCheck in Frameworks */ = {isa = PBXBuildFile; productRef = 851C01BB2B205DC600D33C8C /* FirebaseAppCheck */; };
		851C01BE2B205DC600D33C8C /* FirebaseAppDistribution-Beta in Frameworks */ = {isa = PBXBuildFile; productRef = 851C01BD2B205DC600D33C8C /* FirebaseAppDistribution-Beta */; };
		851C01C02B205DC600D33C8C /* FirebaseAuth in Frameworks */ = {isa = PBXBuildFile; productRef = 851C01BF2B205DC600D33C8C /* FirebaseAuth */; };
		851C01C22B205DC600D33C8C /* FirebaseAuthCombine-Community in Frameworks */ = {isa = PBXBuildFile; productRef = 851C01C12B205DC600D33C8C /* FirebaseAuthCombine-Community */; };
		851C01C42B205DC600D33C8C /* FirebaseCrashlytics in Frameworks */ = {isa = PBXBuildFile; productRef = 851C01C32B205DC600D33C8C /* FirebaseCrashlytics */; };
		851C01C62B205DC600D33C8C /* FirebaseDatabase in Frameworks */ = {isa = PBXBuildFile; productRef = 851C01C52B205DC600D33C8C /* FirebaseDatabase */; };
		851C01C82B205DC600D33C8C /* FirebaseDatabaseSwift in Frameworks */ = {isa = PBXBuildFile; productRef = 851C01C72B205DC600D33C8C /* FirebaseDatabaseSwift */; };
		851C01CA2B205DC600D33C8C /* FirebaseDynamicLinks in Frameworks */ = {isa = PBXBuildFile; productRef = 851C01C92B205DC600D33C8C /* FirebaseDynamicLinks */; };
		851C01CC2B205DC600D33C8C /* FirebaseFirestore in Frameworks */ = {isa = PBXBuildFile; productRef = 851C01CB2B205DC600D33C8C /* FirebaseFirestore */; };
		851C01CE2B205DC600D33C8C /* FirebaseFirestoreCombine-Community in Frameworks */ = {isa = PBXBuildFile; productRef = 851C01CD2B205DC600D33C8C /* FirebaseFirestoreCombine-Community */; };
		851C01D02B205DC600D33C8C /* FirebaseFirestoreSwift in Frameworks */ = {isa = PBXBuildFile; productRef = 851C01CF2B205DC600D33C8C /* FirebaseFirestoreSwift */; };
		851C01D22B205DC600D33C8C /* FirebaseFunctions in Frameworks */ = {isa = PBXBuildFile; productRef = 851C01D12B205DC600D33C8C /* FirebaseFunctions */; };
		851C01D42B205DC600D33C8C /* FirebaseFunctionsCombine-Community in Frameworks */ = {isa = PBXBuildFile; productRef = 851C01D32B205DC600D33C8C /* FirebaseFunctionsCombine-Community */; };
		851C01D62B205DC600D33C8C /* FirebaseInAppMessaging-Beta in Frameworks */ = {isa = PBXBuildFile; productRef = 851C01D52B205DC600D33C8C /* FirebaseInAppMessaging-Beta */; };
		851C01D82B205DC600D33C8C /* FirebaseInAppMessagingSwift-Beta in Frameworks */ = {isa = PBXBuildFile; productRef = 851C01D72B205DC600D33C8C /* FirebaseInAppMessagingSwift-Beta */; };
		851C01DA2B205DC600D33C8C /* FirebaseInstallations in Frameworks */ = {isa = PBXBuildFile; productRef = 851C01D92B205DC600D33C8C /* FirebaseInstallations */; };
		851C01DC2B205DC600D33C8C /* FirebaseMLModelDownloader in Frameworks */ = {isa = PBXBuildFile; productRef = 851C01DB2B205DC600D33C8C /* FirebaseMLModelDownloader */; };
		851C01DE2B205DC600D33C8C /* FirebaseMessaging in Frameworks */ = {isa = PBXBuildFile; productRef = 851C01DD2B205DC600D33C8C /* FirebaseMessaging */; };
		851C01E02B205DC600D33C8C /* FirebasePerformance in Frameworks */ = {isa = PBXBuildFile; productRef = 851C01DF2B205DC600D33C8C /* FirebasePerformance */; };
		851C01E22B205DC600D33C8C /* FirebaseRemoteConfig in Frameworks */ = {isa = PBXBuildFile; productRef = 851C01E12B205DC600D33C8C /* FirebaseRemoteConfig */; };
		851C01E42B205DC600D33C8C /* FirebaseRemoteConfigSwift in Frameworks */ = {isa = PBXBuildFile; productRef = 851C01E32B205DC600D33C8C /* FirebaseRemoteConfigSwift */; };
		851C01E62B205DC600D33C8C /* FirebaseStorage in Frameworks */ = {isa = PBXBuildFile; productRef = 851C01E52B205DC600D33C8C /* FirebaseStorage */; };
		851C01E82B205DC600D33C8C /* FirebaseStorageCombine-Community in Frameworks */ = {isa = PBXBuildFile; productRef = 851C01E72B205DC600D33C8C /* FirebaseStorageCombine-Community */; };
/* End PBXBuildFile section */

/* Begin PBXContainerItemProxy section */
		850147C72AFE8C360020ACD2 /* PBXContainerItemProxy */ = {
			isa = PBXContainerItemProxy;
			containerPortal = 850147AD2AFE8C350020ACD2 /* Project object */;
			proxyType = 1;
			remoteGlobalIDString = 850147B42AFE8C350020ACD2;
			remoteInfo = GourmetGO;
		};
		850147D12AFE8C360020ACD2 /* PBXContainerItemProxy */ = {
			isa = PBXContainerItemProxy;
			containerPortal = 850147AD2AFE8C350020ACD2 /* Project object */;
			proxyType = 1;
			remoteGlobalIDString = 850147B42AFE8C350020ACD2;
			remoteInfo = GourmetGO;
		};
/* End PBXContainerItemProxy section */

/* Begin PBXFileReference section */
		850147B52AFE8C350020ACD2 /* GourmetGO.app */ = {isa = PBXFileReference; explicitFileType = wrapper.application; includeInIndex = 0; path = GourmetGO.app; sourceTree = BUILT_PRODUCTS_DIR; };
		850147B82AFE8C350020ACD2 /* GourmetGOApp.swift */ = {isa = PBXFileReference; lastKnownFileType = sourcecode.swift; path = GourmetGOApp.swift; sourceTree = "<group>"; };
		850147BC2AFE8C360020ACD2 /* Assets.xcassets */ = {isa = PBXFileReference; lastKnownFileType = folder.assetcatalog; path = Assets.xcassets; sourceTree = "<group>"; };
		850147BF2AFE8C360020ACD2 /* Preview Assets.xcassets */ = {isa = PBXFileReference; lastKnownFileType = folder.assetcatalog; path = "Preview Assets.xcassets"; sourceTree = "<group>"; };
		850147C12AFE8C360020ACD2 /* GourmetGO.entitlements */ = {isa = PBXFileReference; lastKnownFileType = text.plist.entitlements; path = GourmetGO.entitlements; sourceTree = "<group>"; };
		850147C62AFE8C360020ACD2 /* GourmetGOTests.xctest */ = {isa = PBXFileReference; explicitFileType = wrapper.cfbundle; includeInIndex = 0; path = GourmetGOTests.xctest; sourceTree = BUILT_PRODUCTS_DIR; };
		850147CA2AFE8C360020ACD2 /* GourmetGOTests.swift */ = {isa = PBXFileReference; lastKnownFileType = sourcecode.swift; path = GourmetGOTests.swift; sourceTree = "<group>"; };
		850147D02AFE8C360020ACD2 /* GourmetGOUITests.xctest */ = {isa = PBXFileReference; explicitFileType = wrapper.cfbundle; includeInIndex = 0; path = GourmetGOUITests.xctest; sourceTree = BUILT_PRODUCTS_DIR; };
		850147D42AFE8C360020ACD2 /* GourmetGOUITests.swift */ = {isa = PBXFileReference; lastKnownFileType = sourcecode.swift; path = GourmetGOUITests.swift; sourceTree = "<group>"; };
		850147D62AFE8C360020ACD2 /* GourmetGOUITestsLaunchTests.swift */ = {isa = PBXFileReference; lastKnownFileType = sourcecode.swift; path = GourmetGOUITestsLaunchTests.swift; sourceTree = "<group>"; };
		851C01AC2B205AA200D33C8C /* StartView.swift */ = {isa = PBXFileReference; lastKnownFileType = sourcecode.swift; path = StartView.swift; sourceTree = "<group>"; };
		851C01B02B205D4500D33C8C /* GoogleService-Info.plist */ = {isa = PBXFileReference; fileEncoding = 4; lastKnownFileType = text.plist.xml; name = "GoogleService-Info.plist"; path = "../../../../Movies/GoogleService-Info.plist"; sourceTree = "<group>"; };
/* End PBXFileReference section */

/* Begin PBXFrameworksBuildPhase section */
		850147B22AFE8C350020ACD2 /* Frameworks */ = {
			isa = PBXFrameworksBuildPhase;
			buildActionMask = 2147483647;
			files = (
				851C01C62B205DC600D33C8C /* FirebaseDatabase in Frameworks */,
				851C01D42B205DC600D33C8C /* FirebaseFunctionsCombine-Community in Frameworks */,
				851C01CC2B205DC600D33C8C /* FirebaseFirestore in Frameworks */,
				851C01B82B205DC600D33C8C /* FirebaseAnalyticsSwift in Frameworks */,
				851C01B42B205DC600D33C8C /* FirebaseAnalytics in Frameworks */,
				851C01B62B205DC600D33C8C /* FirebaseAnalyticsOnDeviceConversion in Frameworks */,
				851C01DC2B205DC600D33C8C /* FirebaseMLModelDownloader in Frameworks */,
				851C01D02B205DC600D33C8C /* FirebaseFirestoreSwift in Frameworks */,
				851C01BC2B205DC600D33C8C /* FirebaseAppCheck in Frameworks */,
				851C01BA2B205DC600D33C8C /* FirebaseAnalyticsWithoutAdIdSupport in Frameworks */,
				851C01C02B205DC600D33C8C /* FirebaseAuth in Frameworks */,
				851C01C42B205DC600D33C8C /* FirebaseCrashlytics in Frameworks */,
				851C01E42B205DC600D33C8C /* FirebaseRemoteConfigSwift in Frameworks */,
				851C01D62B205DC600D33C8C /* FirebaseInAppMessaging-Beta in Frameworks */,
				851C01C82B205DC600D33C8C /* FirebaseDatabaseSwift in Frameworks */,
				851C01D22B205DC600D33C8C /* FirebaseFunctions in Frameworks */,
				851C01E82B205DC600D33C8C /* FirebaseStorageCombine-Community in Frameworks */,
				851C01E22B205DC600D33C8C /* FirebaseRemoteConfig in Frameworks */,
				851C01BE2B205DC600D33C8C /* FirebaseAppDistribution-Beta in Frameworks */,
				851C01C22B205DC600D33C8C /* FirebaseAuthCombine-Community in Frameworks */,
				851C01E02B205DC600D33C8C /* FirebasePerformance in Frameworks */,
				851C01D82B205DC600D33C8C /* FirebaseInAppMessagingSwift-Beta in Frameworks */,
				851C01E62B205DC600D33C8C /* FirebaseStorage in Frameworks */,
				851C01CA2B205DC600D33C8C /* FirebaseDynamicLinks in Frameworks */,
				851C01CE2B205DC600D33C8C /* FirebaseFirestoreCombine-Community in Frameworks */,
				851C01DE2B205DC600D33C8C /* FirebaseMessaging in Frameworks */,
				851C01DA2B205DC600D33C8C /* FirebaseInstallations in Frameworks */,
			);
			runOnlyForDeploymentPostprocessing = 0;
		};
		850147C32AFE8C360020ACD2 /* Frameworks */ = {
			isa = PBXFrameworksBuildPhase;
			buildActionMask = 2147483647;
			files = (
			);
			runOnlyForDeploymentPostprocessing = 0;
		};
		850147CD2AFE8C360020ACD2 /* Frameworks */ = {
			isa = PBXFrameworksBuildPhase;
			buildActionMask = 2147483647;
			files = (
			);
			runOnlyForDeploymentPostprocessing = 0;
		};
/* End PBXFrameworksBuildPhase section */

/* Begin PBXGroup section */
		850147AC2AFE8C350020ACD2 = {
			isa = PBXGroup;
			children = (
				850147B72AFE8C350020ACD2 /* GourmetGO */,
				850147C92AFE8C360020ACD2 /* GourmetGOTests */,
				850147D32AFE8C360020ACD2 /* GourmetGOUITests */,
				850147B62AFE8C350020ACD2 /* Products */,
			);
			sourceTree = "<group>";
		};
		850147B62AFE8C350020ACD2 /* Products */ = {
			isa = PBXGroup;
			children = (
				850147B52AFE8C350020ACD2 /* GourmetGO.app */,
				850147C62AFE8C360020ACD2 /* GourmetGOTests.xctest */,
				850147D02AFE8C360020ACD2 /* GourmetGOUITests.xctest */,
			);
			name = Products;
			sourceTree = "<group>";
		};
		850147B72AFE8C350020ACD2 /* GourmetGO */ = {
			isa = PBXGroup;
			children = (
				851C01B02B205D4500D33C8C /* GoogleService-Info.plist */,
				851C01AB2B20593400D33C8C /* Modele */,
				851C01AA2B20592300D33C8C /* Controller */,
				851C01A92B20591800D33C8C /* Views */,
				850147B82AFE8C350020ACD2 /* GourmetGOApp.swift */,
				850147BC2AFE8C360020ACD2 /* Assets.xcassets */,
				850147C12AFE8C360020ACD2 /* GourmetGO.entitlements */,
				850147BE2AFE8C360020ACD2 /* Preview Content */,
			);
			path = GourmetGO;
			sourceTree = "<group>";
		};
		850147BE2AFE8C360020ACD2 /* Preview Content */ = {
			isa = PBXGroup;
			children = (
				850147BF2AFE8C360020ACD2 /* Preview Assets.xcassets */,
			);
			path = "Preview Content";
			sourceTree = "<group>";
		};
		850147C92AFE8C360020ACD2 /* GourmetGOTests */ = {
			isa = PBXGroup;
			children = (
				850147CA2AFE8C360020ACD2 /* GourmetGOTests.swift */,
			);
			path = GourmetGOTests;
			sourceTree = "<group>";
		};
		850147D32AFE8C360020ACD2 /* GourmetGOUITests */ = {
			isa = PBXGroup;
			children = (
				850147D42AFE8C360020ACD2 /* GourmetGOUITests.swift */,
				850147D62AFE8C360020ACD2 /* GourmetGOUITestsLaunchTests.swift */,
			);
			path = GourmetGOUITests;
			sourceTree = "<group>";
		};
		851C01A92B20591800D33C8C /* Views */ = {
			isa = PBXGroup;
			children = (
				851C01AC2B205AA200D33C8C /* StartView.swift */,
			);
			path = Views;
			sourceTree = "<group>";
		};
		851C01AA2B20592300D33C8C /* Controller */ = {
			isa = PBXGroup;
			children = (
			);
			path = Controller;
			sourceTree = "<group>";
		};
		851C01AB2B20593400D33C8C /* Modele */ = {
			isa = PBXGroup;
			children = (
			);
			path = Modele;
			sourceTree = "<group>";
		};
/* End PBXGroup section */

/* Begin PBXNativeTarget section */
		850147B42AFE8C350020ACD2 /* GourmetGO */ = {
			isa = PBXNativeTarget;
			buildConfigurationList = 850147DA2AFE8C360020ACD2 /* Build configuration list for PBXNativeTarget "GourmetGO" */;
			buildPhases = (
				850147B12AFE8C350020ACD2 /* Sources */,
				850147B22AFE8C350020ACD2 /* Frameworks */,
				850147B32AFE8C350020ACD2 /* Resources */,
			);
			buildRules = (
			);
			dependencies = (
			);
			name = GourmetGO;
			packageProductDependencies = (
				851C01B32B205DC600D33C8C /* FirebaseAnalytics */,
				851C01B52B205DC600D33C8C /* FirebaseAnalyticsOnDeviceConversion */,
				851C01B72B205DC600D33C8C /* FirebaseAnalyticsSwift */,
				851C01B92B205DC600D33C8C /* FirebaseAnalyticsWithoutAdIdSupport */,
				851C01BB2B205DC600D33C8C /* FirebaseAppCheck */,
				851C01BD2B205DC600D33C8C /* FirebaseAppDistribution-Beta */,
				851C01BF2B205DC600D33C8C /* FirebaseAuth */,
				851C01C12B205DC600D33C8C /* FirebaseAuthCombine-Community */,
				851C01C32B205DC600D33C8C /* FirebaseCrashlytics */,
				851C01C52B205DC600D33C8C /* FirebaseDatabase */,
				851C01C72B205DC600D33C8C /* FirebaseDatabaseSwift */,
				851C01C92B205DC600D33C8C /* FirebaseDynamicLinks */,
				851C01CB2B205DC600D33C8C /* FirebaseFirestore */,
				851C01CD2B205DC600D33C8C /* FirebaseFirestoreCombine-Community */,
				851C01CF2B205DC600D33C8C /* FirebaseFirestoreSwift */,
				851C01D12B205DC600D33C8C /* FirebaseFunctions */,
				851C01D32B205DC600D33C8C /* FirebaseFunctionsCombine-Community */,
				851C01D52B205DC600D33C8C /* FirebaseInAppMessaging-Beta */,
				851C01D72B205DC600D33C8C /* FirebaseInAppMessagingSwift-Beta */,
				851C01D92B205DC600D33C8C /* FirebaseInstallations */,
				851C01DB2B205DC600D33C8C /* FirebaseMLModelDownloader */,
				851C01DD2B205DC600D33C8C /* FirebaseMessaging */,
				851C01DF2B205DC600D33C8C /* FirebasePerformance */,
				851C01E12B205DC600D33C8C /* FirebaseRemoteConfig */,
				851C01E32B205DC600D33C8C /* FirebaseRemoteConfigSwift */,
				851C01E52B205DC600D33C8C /* FirebaseStorage */,
				851C01E72B205DC600D33C8C /* FirebaseStorageCombine-Community */,
			);
			productName = GourmetGO;
			productReference = 850147B52AFE8C350020ACD2 /* GourmetGO.app */;
			productType = "com.apple.product-type.application";
		};
		850147C52AFE8C360020ACD2 /* GourmetGOTests */ = {
			isa = PBXNativeTarget;
			buildConfigurationList = 850147DD2AFE8C360020ACD2 /* Build configuration list for PBXNativeTarget "GourmetGOTests" */;
			buildPhases = (
				850147C22AFE8C360020ACD2 /* Sources */,
				850147C32AFE8C360020ACD2 /* Frameworks */,
				850147C42AFE8C360020ACD2 /* Resources */,
			);
			buildRules = (
			);
			dependencies = (
				850147C82AFE8C360020ACD2 /* PBXTargetDependency */,
			);
			name = GourmetGOTests;
			productName = GourmetGOTests;
			productReference = 850147C62AFE8C360020ACD2 /* GourmetGOTests.xctest */;
			productType = "com.apple.product-type.bundle.unit-test";
		};
		850147CF2AFE8C360020ACD2 /* GourmetGOUITests */ = {
			isa = PBXNativeTarget;
			buildConfigurationList = 850147E02AFE8C360020ACD2 /* Build configuration list for PBXNativeTarget "GourmetGOUITests" */;
			buildPhases = (
				850147CC2AFE8C360020ACD2 /* Sources */,
				850147CD2AFE8C360020ACD2 /* Frameworks */,
				850147CE2AFE8C360020ACD2 /* Resources */,
			);
			buildRules = (
			);
			dependencies = (
				850147D22AFE8C360020ACD2 /* PBXTargetDependency */,
			);
			name = GourmetGOUITests;
			productName = GourmetGOUITests;
			productReference = 850147D02AFE8C360020ACD2 /* GourmetGOUITests.xctest */;
			productType = "com.apple.product-type.bundle.ui-testing";
		};
/* End PBXNativeTarget section */

/* Begin PBXProject section */
		850147AD2AFE8C350020ACD2 /* Project object */ = {
			isa = PBXProject;
			attributes = {
				BuildIndependentTargetsInParallel = 1;
				LastSwiftUpdateCheck = 1500;
				LastUpgradeCheck = 1500;
				TargetAttributes = {
					850147B42AFE8C350020ACD2 = {
						CreatedOnToolsVersion = 15.0.1;
					};
					850147C52AFE8C360020ACD2 = {
						CreatedOnToolsVersion = 15.0.1;
						TestTargetID = 850147B42AFE8C350020ACD2;
					};
					850147CF2AFE8C360020ACD2 = {
						CreatedOnToolsVersion = 15.0.1;
						TestTargetID = 850147B42AFE8C350020ACD2;
					};
				};
			};
			buildConfigurationList = 850147B02AFE8C350020ACD2 /* Build configuration list for PBXProject "GourmetGO" */;
			compatibilityVersion = "Xcode 14.0";
			developmentRegion = en;
			hasScannedForEncodings = 0;
			knownRegions = (
				en,
				Base,
			);
			mainGroup = 850147AC2AFE8C350020ACD2;
			packageReferences = (
				851C01B22B205DC600D33C8C /* XCRemoteSwiftPackageReference "firebase-ios-sdk" */,
			);
			productRefGroup = 850147B62AFE8C350020ACD2 /* Products */;
			projectDirPath = "";
			projectRoot = "";
			targets = (
				850147B42AFE8C350020ACD2 /* GourmetGO */,
				850147C52AFE8C360020ACD2 /* GourmetGOTests */,
				850147CF2AFE8C360020ACD2 /* GourmetGOUITests */,
			);
		};
/* End PBXProject section */

/* Begin PBXResourcesBuildPhase section */
		850147B32AFE8C350020ACD2 /* Resources */ = {
			isa = PBXResourcesBuildPhase;
			buildActionMask = 2147483647;
			files = (
				850147C02AFE8C360020ACD2 /* Preview Assets.xcassets in Resources */,
				850147BD2AFE8C360020ACD2 /* Assets.xcassets in Resources */,
				851C01B12B205D4500D33C8C /* GoogleService-Info.plist in Resources */,
			);
			runOnlyForDeploymentPostprocessing = 0;
		};
		850147C42AFE8C360020ACD2 /* Resources */ = {
			isa = PBXResourcesBuildPhase;
			buildActionMask = 2147483647;
			files = (
			);
			runOnlyForDeploymentPostprocessing = 0;
		};
		850147CE2AFE8C360020ACD2 /* Resources */ = {
			isa = PBXResourcesBuildPhase;
			buildActionMask = 2147483647;
			files = (
			);
			runOnlyForDeploymentPostprocessing = 0;
		};
/* End PBXResourcesBuildPhase section */

/* Begin PBXSourcesBuildPhase section */
		850147B12AFE8C350020ACD2 /* Sources */ = {
			isa = PBXSourcesBuildPhase;
			buildActionMask = 2147483647;
			files = (
				851C01AD2B205AA300D33C8C /* StartView.swift in Sources */,
				850147B92AFE8C350020ACD2 /* GourmetGOApp.swift in Sources */,
			);
			runOnlyForDeploymentPostprocessing = 0;
		};
		850147C22AFE8C360020ACD2 /* Sources */ = {
			isa = PBXSourcesBuildPhase;
			buildActionMask = 2147483647;
			files = (
				850147CB2AFE8C360020ACD2 /* GourmetGOTests.swift in Sources */,
			);
			runOnlyForDeploymentPostprocessing = 0;
		};
		850147CC2AFE8C360020ACD2 /* Sources */ = {
			isa = PBXSourcesBuildPhase;
			buildActionMask = 2147483647;
			files = (
				850147D72AFE8C360020ACD2 /* GourmetGOUITestsLaunchTests.swift in Sources */,
				850147D52AFE8C360020ACD2 /* GourmetGOUITests.swift in Sources */,
			);
			runOnlyForDeploymentPostprocessing = 0;
		};
/* End PBXSourcesBuildPhase section */

/* Begin PBXTargetDependency section */
		850147C82AFE8C360020ACD2 /* PBXTargetDependency */ = {
			isa = PBXTargetDependency;
			target = 850147B42AFE8C350020ACD2 /* GourmetGO */;
			targetProxy = 850147C72AFE8C360020ACD2 /* PBXContainerItemProxy */;
		};
		850147D22AFE8C360020ACD2 /* PBXTargetDependency */ = {
			isa = PBXTargetDependency;
			target = 850147B42AFE8C350020ACD2 /* GourmetGO */;
			targetProxy = 850147D12AFE8C360020ACD2 /* PBXContainerItemProxy */;
		};
/* End PBXTargetDependency section */

/* Begin XCBuildConfiguration section */
		850147D82AFE8C360020ACD2 /* Debug */ = {
			isa = XCBuildConfiguration;
			buildSettings = {
				ALWAYS_SEARCH_USER_PATHS = NO;
				ASSETCATALOG_COMPILER_GENERATE_SWIFT_ASSET_SYMBOL_EXTENSIONS = YES;
				CLANG_ANALYZER_NONNULL = YES;
				CLANG_ANALYZER_NUMBER_OBJECT_CONVERSION = YES_AGGRESSIVE;
				CLANG_CXX_LANGUAGE_STANDARD = "gnu++20";
				CLANG_ENABLE_MODULES = YES;
				CLANG_ENABLE_OBJC_ARC = YES;
				CLANG_ENABLE_OBJC_WEAK = YES;
				CLANG_WARN_BLOCK_CAPTURE_AUTORELEASING = YES;
				CLANG_WARN_BOOL_CONVERSION = YES;
				CLANG_WARN_COMMA = YES;
				CLANG_WARN_CONSTANT_CONVERSION = YES;
				CLANG_WARN_DEPRECATED_OBJC_IMPLEMENTATIONS = YES;
				CLANG_WARN_DIRECT_OBJC_ISA_USAGE = YES_ERROR;
				CLANG_WARN_DOCUMENTATION_COMMENTS = YES;
				CLANG_WARN_EMPTY_BODY = YES;
				CLANG_WARN_ENUM_CONVERSION = YES;
				CLANG_WARN_INFINITE_RECURSION = YES;
				CLANG_WARN_INT_CONVERSION = YES;
				CLANG_WARN_NON_LITERAL_NULL_CONVERSION = YES;
				CLANG_WARN_OBJC_IMPLICIT_RETAIN_SELF = YES;
				CLANG_WARN_OBJC_LITERAL_CONVERSION = YES;
				CLANG_WARN_OBJC_ROOT_CLASS = YES_ERROR;
				CLANG_WARN_QUOTED_INCLUDE_IN_FRAMEWORK_HEADER = YES;
				CLANG_WARN_RANGE_LOOP_ANALYSIS = YES;
				CLANG_WARN_STRICT_PROTOTYPES = YES;
				CLANG_WARN_SUSPICIOUS_MOVE = YES;
				CLANG_WARN_UNGUARDED_AVAILABILITY = YES_AGGRESSIVE;
				CLANG_WARN_UNREACHABLE_CODE = YES;
				CLANG_WARN__DUPLICATE_METHOD_MATCH = YES;
				COPY_PHASE_STRIP = NO;
				DEBUG_INFORMATION_FORMAT = dwarf;
				ENABLE_STRICT_OBJC_MSGSEND = YES;
				ENABLE_TESTABILITY = YES;
				ENABLE_USER_SCRIPT_SANDBOXING = YES;
				GCC_C_LANGUAGE_STANDARD = gnu17;
				GCC_DYNAMIC_NO_PIC = NO;
				GCC_NO_COMMON_BLOCKS = YES;
				GCC_OPTIMIZATION_LEVEL = 0;
				GCC_PREPROCESSOR_DEFINITIONS = (
					"DEBUG=1",
					"$(inherited)",
				);
				GCC_WARN_64_TO_32_BIT_CONVERSION = YES;
				GCC_WARN_ABOUT_RETURN_TYPE = YES_ERROR;
				GCC_WARN_UNDECLARED_SELECTOR = YES;
				GCC_WARN_UNINITIALIZED_AUTOS = YES_AGGRESSIVE;
				GCC_WARN_UNUSED_FUNCTION = YES;
				GCC_WARN_UNUSED_VARIABLE = YES;
				LOCALIZATION_PREFERS_STRING_CATALOGS = YES;
				MACOSX_DEPLOYMENT_TARGET = 14.0;
				MTL_ENABLE_DEBUG_INFO = INCLUDE_SOURCE;
				MTL_FAST_MATH = YES;
				ONLY_ACTIVE_ARCH = YES;
				SDKROOT = macosx;
				SWIFT_ACTIVE_COMPILATION_CONDITIONS = "DEBUG $(inherited)";
				SWIFT_OPTIMIZATION_LEVEL = "-Onone";
			};
			name = Debug;
		};
		850147D92AFE8C360020ACD2 /* Release */ = {
			isa = XCBuildConfiguration;
			buildSettings = {
				ALWAYS_SEARCH_USER_PATHS = NO;
				ASSETCATALOG_COMPILER_GENERATE_SWIFT_ASSET_SYMBOL_EXTENSIONS = YES;
				CLANG_ANALYZER_NONNULL = YES;
				CLANG_ANALYZER_NUMBER_OBJECT_CONVERSION = YES_AGGRESSIVE;
				CLANG_CXX_LANGUAGE_STANDARD = "gnu++20";
				CLANG_ENABLE_MODULES = YES;
				CLANG_ENABLE_OBJC_ARC = YES;
				CLANG_ENABLE_OBJC_WEAK = YES;
				CLANG_WARN_BLOCK_CAPTURE_AUTORELEASING = YES;
				CLANG_WARN_BOOL_CONVERSION = YES;
				CLANG_WARN_COMMA = YES;
				CLANG_WARN_CONSTANT_CONVERSION = YES;
				CLANG_WARN_DEPRECATED_OBJC_IMPLEMENTATIONS = YES;
				CLANG_WARN_DIRECT_OBJC_ISA_USAGE = YES_ERROR;
				CLANG_WARN_DOCUMENTATION_COMMENTS = YES;
				CLANG_WARN_EMPTY_BODY = YES;
				CLANG_WARN_ENUM_CONVERSION = YES;
				CLANG_WARN_INFINITE_RECURSION = YES;
				CLANG_WARN_INT_CONVERSION = YES;
				CLANG_WARN_NON_LITERAL_NULL_CONVERSION = YES;
				CLANG_WARN_OBJC_IMPLICIT_RETAIN_SELF = YES;
				CLANG_WARN_OBJC_LITERAL_CONVERSION = YES;
				CLANG_WARN_OBJC_ROOT_CLASS = YES_ERROR;
				CLANG_WARN_QUOTED_INCLUDE_IN_FRAMEWORK_HEADER = YES;
				CLANG_WARN_RANGE_LOOP_ANALYSIS = YES;
				CLANG_WARN_STRICT_PROTOTYPES = YES;
				CLANG_WARN_SUSPICIOUS_MOVE = YES;
				CLANG_WARN_UNGUARDED_AVAILABILITY = YES_AGGRESSIVE;
				CLANG_WARN_UNREACHABLE_CODE = YES;
				CLANG_WARN__DUPLICATE_METHOD_MATCH = YES;
				COPY_PHASE_STRIP = NO;
				DEBUG_INFORMATION_FORMAT = "dwarf-with-dsym";
				ENABLE_NS_ASSERTIONS = NO;
				ENABLE_STRICT_OBJC_MSGSEND = YES;
				ENABLE_USER_SCRIPT_SANDBOXING = YES;
				GCC_C_LANGUAGE_STANDARD = gnu17;
				GCC_NO_COMMON_BLOCKS = YES;
				GCC_WARN_64_TO_32_BIT_CONVERSION = YES;
				GCC_WARN_ABOUT_RETURN_TYPE = YES_ERROR;
				GCC_WARN_UNDECLARED_SELECTOR = YES;
				GCC_WARN_UNINITIALIZED_AUTOS = YES_AGGRESSIVE;
				GCC_WARN_UNUSED_FUNCTION = YES;
				GCC_WARN_UNUSED_VARIABLE = YES;
				LOCALIZATION_PREFERS_STRING_CATALOGS = YES;
				MACOSX_DEPLOYMENT_TARGET = 14.0;
				MTL_ENABLE_DEBUG_INFO = NO;
				MTL_FAST_MATH = YES;
				SDKROOT = macosx;
				SWIFT_COMPILATION_MODE = wholemodule;
			};
			name = Release;
		};
		850147DB2AFE8C360020ACD2 /* Debug */ = {
			isa = XCBuildConfiguration;
			buildSettings = {
				ASSETCATALOG_COMPILER_APPICON_NAME = AppIcon;
				ASSETCATALOG_COMPILER_GLOBAL_ACCENT_COLOR_NAME = AccentColor;
				CODE_SIGN_ENTITLEMENTS = GourmetGO/GourmetGO.entitlements;
				CODE_SIGN_STYLE = Automatic;
				COMBINE_HIDPI_IMAGES = YES;
				CURRENT_PROJECT_VERSION = 1;
				DEVELOPMENT_ASSET_PATHS = "\"GourmetGO/Preview Content\"";
				DEVELOPMENT_TEAM = 495Y6ZC53F;
				ENABLE_HARDENED_RUNTIME = YES;
				ENABLE_PREVIEWS = YES;
				GENERATE_INFOPLIST_FILE = YES;
				INFOPLIST_KEY_CFBundleDisplayName = "GourmetGO!";
				INFOPLIST_KEY_LSApplicationCategoryType = "public.app-category.food-and-drink";
				INFOPLIST_KEY_NSHumanReadableCopyright = "";
				INFOPLIST_KEY_UISupportedInterfaceOrientations = UIInterfaceOrientationPortrait;
				LD_RUNPATH_SEARCH_PATHS = (
					"$(inherited)",
					"@executable_path/../Frameworks",
				);
				MARKETING_VERSION = 1.0;
				PRODUCT_BUNDLE_IDENTIFIER = eliam.GourmetGO;
				PRODUCT_NAME = "$(TARGET_NAME)";
				SUPPORTED_PLATFORMS = "iphoneos iphonesimulator";
				SUPPORTS_MACCATALYST = NO;
				SWIFT_EMIT_LOC_STRINGS = YES;
				SWIFT_VERSION = 5.0;
				TARGETED_DEVICE_FAMILY = 1;
			};
			name = Debug;
		};
		850147DC2AFE8C360020ACD2 /* Release */ = {
			isa = XCBuildConfiguration;
			buildSettings = {
				ASSETCATALOG_COMPILER_APPICON_NAME = AppIcon;
				ASSETCATALOG_COMPILER_GLOBAL_ACCENT_COLOR_NAME = AccentColor;
				CODE_SIGN_ENTITLEMENTS = GourmetGO/GourmetGO.entitlements;
				CODE_SIGN_STYLE = Automatic;
				COMBINE_HIDPI_IMAGES = YES;
				CURRENT_PROJECT_VERSION = 1;
				DEVELOPMENT_ASSET_PATHS = "\"GourmetGO/Preview Content\"";
				DEVELOPMENT_TEAM = 495Y6ZC53F;
				ENABLE_HARDENED_RUNTIME = YES;
				ENABLE_PREVIEWS = YES;
				GENERATE_INFOPLIST_FILE = YES;
				INFOPLIST_KEY_CFBundleDisplayName = "GourmetGO!";
				INFOPLIST_KEY_LSApplicationCategoryType = "public.app-category.food-and-drink";
				INFOPLIST_KEY_NSHumanReadableCopyright = "";
				INFOPLIST_KEY_UISupportedInterfaceOrientations = UIInterfaceOrientationPortrait;
				LD_RUNPATH_SEARCH_PATHS = (
					"$(inherited)",
					"@executable_path/../Frameworks",
				);
				MARKETING_VERSION = 1.0;
				PRODUCT_BUNDLE_IDENTIFIER = eliam.GourmetGO;
				PRODUCT_NAME = "$(TARGET_NAME)";
				SUPPORTED_PLATFORMS = "iphoneos iphonesimulator";
				SUPPORTS_MACCATALYST = NO;
				SWIFT_EMIT_LOC_STRINGS = YES;
				SWIFT_VERSION = 5.0;
				TARGETED_DEVICE_FAMILY = 1;
			};
			name = Release;
		};
		850147DE2AFE8C360020ACD2 /* Debug */ = {
			isa = XCBuildConfiguration;
			buildSettings = {
				ALWAYS_EMBED_SWIFT_STANDARD_LIBRARIES = YES;
				BUNDLE_LOADER = "$(TEST_HOST)";
				CODE_SIGN_STYLE = Automatic;
				CURRENT_PROJECT_VERSION = 1;
				DEVELOPMENT_TEAM = 495Y6ZC53F;
				GENERATE_INFOPLIST_FILE = YES;
				MACOSX_DEPLOYMENT_TARGET = 14.0;
				MARKETING_VERSION = 1.0;
				PRODUCT_BUNDLE_IDENTIFIER = eliam.GourmetGOTests;
				PRODUCT_NAME = "$(TARGET_NAME)";
				SWIFT_EMIT_LOC_STRINGS = NO;
				SWIFT_VERSION = 5.0;
				TEST_HOST = "$(BUILT_PRODUCTS_DIR)/GourmetGO.app/$(BUNDLE_EXECUTABLE_FOLDER_PATH)/GourmetGO";
			};
			name = Debug;
		};
		850147DF2AFE8C360020ACD2 /* Release */ = {
			isa = XCBuildConfiguration;
			buildSettings = {
				ALWAYS_EMBED_SWIFT_STANDARD_LIBRARIES = YES;
				BUNDLE_LOADER = "$(TEST_HOST)";
				CODE_SIGN_STYLE = Automatic;
				CURRENT_PROJECT_VERSION = 1;
				DEVELOPMENT_TEAM = 495Y6ZC53F;
				GENERATE_INFOPLIST_FILE = YES;
				MACOSX_DEPLOYMENT_TARGET = 14.0;
				MARKETING_VERSION = 1.0;
				PRODUCT_BUNDLE_IDENTIFIER = eliam.GourmetGOTests;
				PRODUCT_NAME = "$(TARGET_NAME)";
				SWIFT_EMIT_LOC_STRINGS = NO;
				SWIFT_VERSION = 5.0;
				TEST_HOST = "$(BUILT_PRODUCTS_DIR)/GourmetGO.app/$(BUNDLE_EXECUTABLE_FOLDER_PATH)/GourmetGO";
			};
			name = Release;
		};
		850147E12AFE8C360020ACD2 /* Debug */ = {
			isa = XCBuildConfiguration;
			buildSettings = {
				ALWAYS_EMBED_SWIFT_STANDARD_LIBRARIES = YES;
				CODE_SIGN_STYLE = Automatic;
				CURRENT_PROJECT_VERSION = 1;
				DEVELOPMENT_TEAM = 495Y6ZC53F;
				GENERATE_INFOPLIST_FILE = YES;
				MARKETING_VERSION = 1.0;
				PRODUCT_BUNDLE_IDENTIFIER = eliam.GourmetGOUITests;
				PRODUCT_NAME = "$(TARGET_NAME)";
				SWIFT_EMIT_LOC_STRINGS = NO;
				SWIFT_VERSION = 5.0;
				TEST_TARGET_NAME = GourmetGO;
			};
			name = Debug;
		};
		850147E22AFE8C360020ACD2 /* Release */ = {
			isa = XCBuildConfiguration;
			buildSettings = {
				ALWAYS_EMBED_SWIFT_STANDARD_LIBRARIES = YES;
				CODE_SIGN_STYLE = Automatic;
				CURRENT_PROJECT_VERSION = 1;
				DEVELOPMENT_TEAM = 495Y6ZC53F;
				GENERATE_INFOPLIST_FILE = YES;
				MARKETING_VERSION = 1.0;
				PRODUCT_BUNDLE_IDENTIFIER = eliam.GourmetGOUITests;
				PRODUCT_NAME = "$(TARGET_NAME)";
				SWIFT_EMIT_LOC_STRINGS = NO;
				SWIFT_VERSION = 5.0;
				TEST_TARGET_NAME = GourmetGO;
			};
			name = Release;
		};
/* End XCBuildConfiguration section */

/* Begin XCConfigurationList section */
		850147B02AFE8C350020ACD2 /* Build configuration list for PBXProject "GourmetGO" */ = {
			isa = XCConfigurationList;
			buildConfigurations = (
				850147D82AFE8C360020ACD2 /* Debug */,
				850147D92AFE8C360020ACD2 /* Release */,
			);
			defaultConfigurationIsVisible = 0;
			defaultConfigurationName = Release;
		};
		850147DA2AFE8C360020ACD2 /* Build configuration list for PBXNativeTarget "GourmetGO" */ = {
			isa = XCConfigurationList;
			buildConfigurations = (
				850147DB2AFE8C360020ACD2 /* Debug */,
				850147DC2AFE8C360020ACD2 /* Release */,
			);
			defaultConfigurationIsVisible = 0;
			defaultConfigurationName = Release;
		};
		850147DD2AFE8C360020ACD2 /* Build configuration list for PBXNativeTarget "GourmetGOTests" */ = {
			isa = XCConfigurationList;
			buildConfigurations = (
				850147DE2AFE8C360020ACD2 /* Debug */,
				850147DF2AFE8C360020ACD2 /* Release */,
			);
			defaultConfigurationIsVisible = 0;
			defaultConfigurationName = Release;
		};
		850147E02AFE8C360020ACD2 /* Build configuration list for PBXNativeTarget "GourmetGOUITests" */ = {
			isa = XCConfigurationList;
			buildConfigurations = (
				850147E12AFE8C360020ACD2 /* Debug */,
				850147E22AFE8C360020ACD2 /* Release */,
			);
			defaultConfigurationIsVisible = 0;
			defaultConfigurationName = Release;
		};
/* End XCConfigurationList section */

/* Begin XCRemoteSwiftPackageReference section */
		851C01B22B205DC600D33C8C /* XCRemoteSwiftPackageReference "firebase-ios-sdk" */ = {
			isa = XCRemoteSwiftPackageReference;
			repositoryURL = "https://github.com/firebase/firebase-ios-sdk";
			requirement = {
				kind = upToNextMajorVersion;
				minimumVersion = 10.19.0;
			};
		};
/* End XCRemoteSwiftPackageReference section */

/* Begin XCSwiftPackageProductDependency section */
		851C01B32B205DC600D33C8C /* FirebaseAnalytics */ = {
			isa = XCSwiftPackageProductDependency;
			package = 851C01B22B205DC600D33C8C /* XCRemoteSwiftPackageReference "firebase-ios-sdk" */;
			productName = FirebaseAnalytics;
		};
		851C01B52B205DC600D33C8C /* FirebaseAnalyticsOnDeviceConversion */ = {
			isa = XCSwiftPackageProductDependency;
			package = 851C01B22B205DC600D33C8C /* XCRemoteSwiftPackageReference "firebase-ios-sdk" */;
			productName = FirebaseAnalyticsOnDeviceConversion;
		};
		851C01B72B205DC600D33C8C /* FirebaseAnalyticsSwift */ = {
			isa = XCSwiftPackageProductDependency;
			package = 851C01B22B205DC600D33C8C /* XCRemoteSwiftPackageReference "firebase-ios-sdk" */;
			productName = FirebaseAnalyticsSwift;
		};
		851C01B92B205DC600D33C8C /* FirebaseAnalyticsWithoutAdIdSupport */ = {
			isa = XCSwiftPackageProductDependency;
			package = 851C01B22B205DC600D33C8C /* XCRemoteSwiftPackageReference "firebase-ios-sdk" */;
			productName = FirebaseAnalyticsWithoutAdIdSupport;
		};
		851C01BB2B205DC600D33C8C /* FirebaseAppCheck */ = {
			isa = XCSwiftPackageProductDependency;
			package = 851C01B22B205DC600D33C8C /* XCRemoteSwiftPackageReference "firebase-ios-sdk" */;
			productName = FirebaseAppCheck;
		};
		851C01BD2B205DC600D33C8C /* FirebaseAppDistribution-Beta */ = {
			isa = XCSwiftPackageProductDependency;
			package = 851C01B22B205DC600D33C8C /* XCRemoteSwiftPackageReference "firebase-ios-sdk" */;
			productName = "FirebaseAppDistribution-Beta";
		};
		851C01BF2B205DC600D33C8C /* FirebaseAuth */ = {
			isa = XCSwiftPackageProductDependency;
			package = 851C01B22B205DC600D33C8C /* XCRemoteSwiftPackageReference "firebase-ios-sdk" */;
			productName = FirebaseAuth;
		};
		851C01C12B205DC600D33C8C /* FirebaseAuthCombine-Community */ = {
			isa = XCSwiftPackageProductDependency;
			package = 851C01B22B205DC600D33C8C /* XCRemoteSwiftPackageReference "firebase-ios-sdk" */;
			productName = "FirebaseAuthCombine-Community";
		};
		851C01C32B205DC600D33C8C /* FirebaseCrashlytics */ = {
			isa = XCSwiftPackageProductDependency;
			package = 851C01B22B205DC600D33C8C /* XCRemoteSwiftPackageReference "firebase-ios-sdk" */;
			productName = FirebaseCrashlytics;
		};
		851C01C52B205DC600D33C8C /* FirebaseDatabase */ = {
			isa = XCSwiftPackageProductDependency;
			package = 851C01B22B205DC600D33C8C /* XCRemoteSwiftPackageReference "firebase-ios-sdk" */;
			productName = FirebaseDatabase;
		};
		851C01C72B205DC600D33C8C /* FirebaseDatabaseSwift */ = {
			isa = XCSwiftPackageProductDependency;
			package = 851C01B22B205DC600D33C8C /* XCRemoteSwiftPackageReference "firebase-ios-sdk" */;
			productName = FirebaseDatabaseSwift;
		};
		851C01C92B205DC600D33C8C /* FirebaseDynamicLinks */ = {
			isa = XCSwiftPackageProductDependency;
			package = 851C01B22B205DC600D33C8C /* XCRemoteSwiftPackageReference "firebase-ios-sdk" */;
			productName = FirebaseDynamicLinks;
		};
		851C01CB2B205DC600D33C8C /* FirebaseFirestore */ = {
			isa = XCSwiftPackageProductDependency;
			package = 851C01B22B205DC600D33C8C /* XCRemoteSwiftPackageReference "firebase-ios-sdk" */;
			productName = FirebaseFirestore;
		};
		851C01CD2B205DC600D33C8C /* FirebaseFirestoreCombine-Community */ = {
			isa = XCSwiftPackageProductDependency;
			package = 851C01B22B205DC600D33C8C /* XCRemoteSwiftPackageReference "firebase-ios-sdk" */;
			productName = "FirebaseFirestoreCombine-Community";
		};
		851C01CF2B205DC600D33C8C /* FirebaseFirestoreSwift */ = {
			isa = XCSwiftPackageProductDependency;
			package = 851C01B22B205DC600D33C8C /* XCRemoteSwiftPackageReference "firebase-ios-sdk" */;
			productName = FirebaseFirestoreSwift;
		};
		851C01D12B205DC600D33C8C /* FirebaseFunctions */ = {
			isa = XCSwiftPackageProductDependency;
			package = 851C01B22B205DC600D33C8C /* XCRemoteSwiftPackageReference "firebase-ios-sdk" */;
			productName = FirebaseFunctions;
		};
		851C01D32B205DC600D33C8C /* FirebaseFunctionsCombine-Community */ = {
			isa = XCSwiftPackageProductDependency;
			package = 851C01B22B205DC600D33C8C /* XCRemoteSwiftPackageReference "firebase-ios-sdk" */;
			productName = "FirebaseFunctionsCombine-Community";
		};
		851C01D52B205DC600D33C8C /* FirebaseInAppMessaging-Beta */ = {
			isa = XCSwiftPackageProductDependency;
			package = 851C01B22B205DC600D33C8C /* XCRemoteSwiftPackageReference "firebase-ios-sdk" */;
			productName = "FirebaseInAppMessaging-Beta";
		};
		851C01D72B205DC600D33C8C /* FirebaseInAppMessagingSwift-Beta */ = {
			isa = XCSwiftPackageProductDependency;
			package = 851C01B22B205DC600D33C8C /* XCRemoteSwiftPackageReference "firebase-ios-sdk" */;
			productName = "FirebaseInAppMessagingSwift-Beta";
		};
		851C01D92B205DC600D33C8C /* FirebaseInstallations */ = {
			isa = XCSwiftPackageProductDependency;
			package = 851C01B22B205DC600D33C8C /* XCRemoteSwiftPackageReference "firebase-ios-sdk" */;
			productName = FirebaseInstallations;
		};
		851C01DB2B205DC600D33C8C /* FirebaseMLModelDownloader */ = {
			isa = XCSwiftPackageProductDependency;
			package = 851C01B22B205DC600D33C8C /* XCRemoteSwiftPackageReference "firebase-ios-sdk" */;
			productName = FirebaseMLModelDownloader;
		};
		851C01DD2B205DC600D33C8C /* FirebaseMessaging */ = {
			isa = XCSwiftPackageProductDependency;
			package = 851C01B22B205DC600D33C8C /* XCRemoteSwiftPackageReference "firebase-ios-sdk" */;
			productName = FirebaseMessaging;
		};
		851C01DF2B205DC600D33C8C /* FirebasePerformance */ = {
			isa = XCSwiftPackageProductDependency;
			package = 851C01B22B205DC600D33C8C /* XCRemoteSwiftPackageReference "firebase-ios-sdk" */;
			productName = FirebasePerformance;
		};
		851C01E12B205DC600D33C8C /* FirebaseRemoteConfig */ = {
			isa = XCSwiftPackageProductDependency;
			package = 851C01B22B205DC600D33C8C /* XCRemoteSwiftPackageReference "firebase-ios-sdk" */;
			productName = FirebaseRemoteConfig;
		};
		851C01E32B205DC600D33C8C /* FirebaseRemoteConfigSwift */ = {
			isa = XCSwiftPackageProductDependency;
			package = 851C01B22B205DC600D33C8C /* XCRemoteSwiftPackageReference "firebase-ios-sdk" */;
			productName = FirebaseRemoteConfigSwift;
		};
		851C01E52B205DC600D33C8C /* FirebaseStorage */ = {
			isa = XCSwiftPackageProductDependency;
			package = 851C01B22B205DC600D33C8C /* XCRemoteSwiftPackageReference "firebase-ios-sdk" */;
			productName = FirebaseStorage;
		};
		851C01E72B205DC600D33C8C /* FirebaseStorageCombine-Community */ = {
			isa = XCSwiftPackageProductDependency;
			package = 851C01B22B205DC600D33C8C /* XCRemoteSwiftPackageReference "firebase-ios-sdk" */;
			productName = "FirebaseStorageCombine-Community";
		};
/* End XCSwiftPackageProductDependency section */
	};
	rootObject = 850147AD2AFE8C350020ACD2 /* Project object */;
}
